
Microsoft Visual Studio Solution File, Format Version 12.00
# Visual Studio 15
Project("{2150E333-8FDC-42A3-9474-1A3956D46DE8}") = "Src", "Src", "{02FDA420-91E3-45AC-ADD4-085817ED16D4}"
EndProject
Project("{2150E333-8FDC-42A3-9474-1A3956D46DE8}") = "Test", "Test", "{CF479D59-A290-4241-98C7-696D85106931}"
EndProject
Project("{FAE04EC0-301F-11D3-BF4B-00C04F79EFBC}") = "ProfileService.Domain", "Src\ProfileService.Domain\ProfileService.Domain.csproj", "{20AFB5A1-888C-4AB3-9CB5-E1CD4616B4FE}"
EndProject
Project("{FAE04EC0-301F-11D3-BF4B-00C04F79EFBC}") = "ProfileService.Infrastructure", "Src\ProfileService.Infrastructure\ProfileService.Infrastructure.csproj", "{8A48EEAB-D5E1-4DEB-8336-257098728FCE}"
EndProject
Global
	GlobalSection(SolutionConfigurationPlatforms) = preSolution
		Debug|Any CPU = Debug|Any CPU
		Release|Any CPU = Release|Any CPU
	EndGlobalSection
	GlobalSection(ProjectConfigurationPlatforms) = postSolution
		{20AFB5A1-888C-4AB3-9CB5-E1CD4616B4FE}.Debug|Any CPU.ActiveCfg = Debug|Any CPU
		{20AFB5A1-888C-4AB3-9CB5-E1CD4616B4FE}.Debug|Any CPU.Build.0 = Debug|Any CPU
		{20AFB5A1-888C-4AB3-9CB5-E1CD4616B4FE}.Release|Any CPU.ActiveCfg = Release|Any CPU
		{20AFB5A1-888C-4AB3-9CB5-E1CD4616B4FE}.Release|Any CPU.Build.0 = Release|Any CPU
		{8A48EEAB-D5E1-4DEB-8336-257098728FCE}.Debug|Any CPU.ActiveCfg = Debug|Any CPU
		{8A48EEAB-D5E1-4DEB-8336-257098728FCE}.Debug|Any CPU.Build.0 = Debug|Any CPU
		{8A48EEAB-D5E1-4DEB-8336-257098728FCE}.Release|Any CPU.ActiveCfg = Release|Any CPU
		{8A48EEAB-D5E1-4DEB-8336-257098728FCE}.Release|Any CPU.Build.0 = Release|Any CPU
	EndGlobalSection
	GlobalSection(NestedProjects) = preSolution
		{20AFB5A1-888C-4AB3-9CB5-E1CD4616B4FE} = {02FDA420-91E3-45AC-ADD4-085817ED16D4}
		{8A48EEAB-D5E1-4DEB-8336-257098728FCE} = {02FDA420-91E3-45AC-ADD4-085817ED16D4}
	EndGlobalSection
EndGlobal
